
Microsoft Visual Studio Solution File, Format Version 12.00
# Visual Studio Version 16
VisualStudioVersion = 16.0.29613.14
MinimumVisualStudioVersion = 10.0.40219.1
Project("{9A19103F-16F7-4668-BE54-9A1E7A4F7556}") = "DataAccess", "DataAccess\DataAccess.csproj", "{785752C2-F426-4677-AC27-ADB10D67ED22}"
EndProject
Project("{9A19103F-16F7-4668-BE54-9A1E7A4F7556}") = "Business", "Business\Business.csproj", "{7F2B98C4-C0F1-4641-9715-E418DDC09F92}"
EndProject
Project("{9A19103F-16F7-4668-BE54-9A1E7A4F7556}") = "Entities", "Entities\Entities.csproj", "{54892D77-EEF3-44DC-B5AA-46E703C892EB}"
EndProject
Project("{9A19103F-16F7-4668-BE54-9A1E7A4F7556}") = "WebAPI", "WebAPI\WebAPI.csproj", "{A715A52F-6EDD-4B6F-9D4F-9AC11EDD8815}"
EndProject
Project("{9A19103F-16F7-4668-BE54-9A1E7A4F7556}") = "Core", "Core\Core.csproj", "{12714C67-5C69-416B-986D-B9230EE4CD60}"
EndProject
Global
	GlobalSection(SolutionConfigurationPlatforms) = preSolution
		Debug|Any CPU = Debug|Any CPU
		Release|Any CPU = Release|Any CPU
	EndGlobalSection
	GlobalSection(ProjectConfigurationPlatforms) = postSolution
		{785752C2-F426-4677-AC27-ADB10D67ED22}.Debug|Any CPU.ActiveCfg = Debug|Any CPU
		{785752C2-F426-4677-AC27-ADB10D67ED22}.Debug|Any CPU.Build.0 = Debug|Any CPU
		{785752C2-F426-4677-AC27-ADB10D67ED22}.Release|Any CPU.ActiveCfg = Release|Any CPU
		{785752C2-F426-4677-AC27-ADB10D67ED22}.Release|Any CPU.Build.0 = Release|Any CPU
		{7F2B98C4-C0F1-4641-9715-E418DDC09F92}.Debug|Any CPU.ActiveCfg = Debug|Any CPU
		{7F2B98C4-C0F1-4641-9715-E418DDC09F92}.Debug|Any CPU.Build.0 = Debug|Any CPU
		{7F2B98C4-C0F1-4641-9715-E418DDC09F92}.Release|Any CPU.ActiveCfg = Release|Any CPU
		{7F2B98C4-C0F1-4641-9715-E418DDC09F92}.Release|Any CPU.Build.0 = Release|Any CPU
		{54892D77-EEF3-44DC-B5AA-46E703C892EB}.Debug|Any CPU.ActiveCfg = Debug|Any CPU
		{54892D77-EEF3-44DC-B5AA-46E703C892EB}.Debug|Any CPU.Build.0 = Debug|Any CPU
		{54892D77-EEF3-44DC-B5AA-46E703C892EB}.Release|Any CPU.ActiveCfg = Release|Any CPU
		{54892D77-EEF3-44DC-B5AA-46E703C892EB}.Release|Any CPU.Build.0 = Release|Any CPU
		{A715A52F-6EDD-4B6F-9D4F-9AC11EDD8815}.Debug|Any CPU.ActiveCfg = Debug|Any CPU
		{A715A52F-6EDD-4B6F-9D4F-9AC11EDD8815}.Debug|Any CPU.Build.0 = Debug|Any CPU
		{A715A52F-6EDD-4B6F-9D4F-9AC11EDD8815}.Release|Any CPU.ActiveCfg = Release|Any CPU
		{A715A52F-6EDD-4B6F-9D4F-9AC11EDD8815}.Release|Any CPU.Build.0 = Release|Any CPU
		{12714C67-5C69-416B-986D-B9230EE4CD60}.Debug|Any CPU.ActiveCfg = Debug|Any CPU
		{12714C67-5C69-416B-986D-B9230EE4CD60}.Debug|Any CPU.Build.0 = Debug|Any CPU
		{12714C67-5C69-416B-986D-B9230EE4CD60}.Release|Any CPU.ActiveCfg = Release|Any CPU
		{12714C67-5C69-416B-986D-B9230EE4CD60}.Release|Any CPU.Build.0 = Release|Any CPU
	EndGlobalSection
	GlobalSection(SolutionProperties) = preSolution
		HideSolutionNode = FALSE
	EndGlobalSection
	GlobalSection(ExtensibilityGlobals) = postSolution
		SolutionGuid = {D1DE9F03-A529-4582-9078-8318CE774BB3}
	EndGlobalSection
EndGlobal
